
Microsoft Visual Studio Solution File, Format Version 12.00
# Visual Studio Version 17
VisualStudioVersion = 17.13.35931.197
MinimumVisualStudioVersion = 10.0.40219.1
Project("{FAE04EC0-301F-11D3-BF4B-00C04F79EFBC}") = "DaminionOllamaInteractionLib", "DaminionOllamaInteractionLib\DaminionOllamaInteractionLib.csproj", "{8D73EA54-88AC-4F14-88A0-9468CD8C1862}"
EndProject
Project("{FAE04EC0-301F-11D3-BF4B-00C04F79EFBC}") = "DaminionOllamaApp", "DaminionOllamaApp\DaminionOllamaApp.csproj", "{A6BE4A87-B4BA-41BC-8395-EF576BC47F22}"
EndProject
Project("{FAE04EC0-301F-11D3-BF4B-00C04F79EFBC}") = "DaminionTorchTrainer", "DaminionTorchTrainer\DaminionTorchTrainer.csproj", "{046D448E-6A15-41ED-9EA3-28C1DABD86F8}"
EndProject
Project("{FAE04EC0-301F-11D3-BF4B-00C04F79EFBC}") = "DaminionImageTagger", "DaminionImageTagger\DaminionImageTagger.csproj", "{FE305098-4593-4FED-9C45-253A386D04DD}"
EndProject
Project("{FAE04EC0-301F-11D3-BF4B-00C04F79EFBC}") = "ModelBuilder", "ModelBuilder\ModelBuilder.csproj", "{FC92F71D-533F-4C87-B86E-E5C41DD64DB7}"
EndProject
Global
	GlobalSection(SolutionConfigurationPlatforms) = preSolution
		Debug|Any CPU = Debug|Any CPU
		Debug|ARM = Debug|ARM
		Debug|ARM64 = Debug|ARM64
		Debug|x64 = Debug|x64
		Debug|x86 = Debug|x86
		DefaultBuild|Any CPU = DefaultBuild|Any CPU
		DefaultBuild|ARM = DefaultBuild|ARM
		DefaultBuild|ARM64 = DefaultBuild|ARM64
		DefaultBuild|x64 = DefaultBuild|x64
		DefaultBuild|x86 = DefaultBuild|x86
		Release|Any CPU = Release|Any CPU
		Release|ARM = Release|ARM
		Release|ARM64 = Release|ARM64
		Release|x64 = Release|x64
		Release|x86 = Release|x86
	EndGlobalSection
	GlobalSection(ProjectConfigurationPlatforms) = postSolution
		{8D73EA54-88AC-4F14-88A0-9468CD8C1862}.Debug|Any CPU.ActiveCfg = Debug|Any CPU
		{8D73EA54-88AC-4F14-88A0-9468CD8C1862}.Debug|Any CPU.Build.0 = Debug|Any CPU
		{8D73EA54-88AC-4F14-88A0-9468CD8C1862}.Debug|ARM.ActiveCfg = Debug|Any CPU
		{8D73EA54-88AC-4F14-88A0-9468CD8C1862}.Debug|ARM.Build.0 = Debug|Any CPU
		{8D73EA54-88AC-4F14-88A0-9468CD8C1862}.Debug|ARM64.ActiveCfg = Debug|Any CPU
		{8D73EA54-88AC-4F14-88A0-9468CD8C1862}.Debug|ARM64.Build.0 = Debug|Any CPU
		{8D73EA54-88AC-4F14-88A0-9468CD8C1862}.Debug|x64.ActiveCfg = Debug|x64
		{8D73EA54-88AC-4F14-88A0-9468CD8C1862}.Debug|x64.Build.0 = Debug|x64
		{8D73EA54-88AC-4F14-88A0-9468CD8C1862}.Debug|x86.ActiveCfg = Debug|Any CPU
		{8D73EA54-88AC-4F14-88A0-9468CD8C1862}.Debug|x86.Build.0 = Debug|Any CPU
		{8D73EA54-88AC-4F14-88A0-9468CD8C1862}.DefaultBuild|Any CPU.ActiveCfg = Release|Any CPU
		{8D73EA54-88AC-4F14-88A0-9468CD8C1862}.DefaultBuild|Any CPU.Build.0 = Release|Any CPU
		{8D73EA54-88AC-4F14-88A0-9468CD8C1862}.DefaultBuild|ARM.ActiveCfg = Release|Any CPU
		{8D73EA54-88AC-4F14-88A0-9468CD8C1862}.DefaultBuild|ARM.Build.0 = Release|Any CPU
		{8D73EA54-88AC-4F14-88A0-9468CD8C1862}.DefaultBuild|ARM64.ActiveCfg = Release|Any CPU
		{8D73EA54-88AC-4F14-88A0-9468CD8C1862}.DefaultBuild|ARM64.Build.0 = Release|Any CPU
		{8D73EA54-88AC-4F14-88A0-9468CD8C1862}.DefaultBuild|x64.ActiveCfg = Release|x64
		{8D73EA54-88AC-4F14-88A0-9468CD8C1862}.DefaultBuild|x64.Build.0 = Release|x64
		{8D73EA54-88AC-4F14-88A0-9468CD8C1862}.DefaultBuild|x86.ActiveCfg = Release|Any CPU
		{8D73EA54-88AC-4F14-88A0-9468CD8C1862}.DefaultBuild|x86.Build.0 = Release|Any CPU
		{8D73EA54-88AC-4F14-88A0-9468CD8C1862}.Release|Any CPU.ActiveCfg = Release|Any CPU
		{8D73EA54-88AC-4F14-88A0-9468CD8C1862}.Release|Any CPU.Build.0 = Release|Any CPU
		{8D73EA54-88AC-4F14-88A0-9468CD8C1862}.Release|ARM.ActiveCfg = Release|Any CPU
		{8D73EA54-88AC-4F14-88A0-9468CD8C1862}.Release|ARM.Build.0 = Release|Any CPU
		{8D73EA54-88AC-4F14-88A0-9468CD8C1862}.Release|ARM64.ActiveCfg = Release|Any CPU
		{8D73EA54-88AC-4F14-88A0-9468CD8C1862}.Release|ARM64.Build.0 = Release|Any CPU
		{8D73EA54-88AC-4F14-88A0-9468CD8C1862}.Release|x64.ActiveCfg = Release|x64
		{8D73EA54-88AC-4F14-88A0-9468CD8C1862}.Release|x64.Build.0 = Release|x64
		{8D73EA54-88AC-4F14-88A0-9468CD8C1862}.Release|x86.ActiveCfg = Release|Any CPU
		{8D73EA54-88AC-4F14-88A0-9468CD8C1862}.Release|x86.Build.0 = Release|Any CPU
		{A6BE4A87-B4BA-41BC-8395-EF576BC47F22}.Debug|Any CPU.ActiveCfg = Debug|Any CPU
		{A6BE4A87-B4BA-41BC-8395-EF576BC47F22}.Debug|Any CPU.Build.0 = Debug|Any CPU
		{A6BE4A87-B4BA-41BC-8395-EF576BC47F22}.Debug|ARM.ActiveCfg = Debug|Any CPU
		{A6BE4A87-B4BA-41BC-8395-EF576BC47F22}.Debug|ARM.Build.0 = Debug|Any CPU
		{A6BE4A87-B4BA-41BC-8395-EF576BC47F22}.Debug|ARM64.ActiveCfg = Debug|Any CPU
		{A6BE4A87-B4BA-41BC-8395-EF576BC47F22}.Debug|ARM64.Build.0 = Debug|Any CPU
		{A6BE4A87-B4BA-41BC-8395-EF576BC47F22}.Debug|x64.ActiveCfg = Debug|x64
		{A6BE4A87-B4BA-41BC-8395-EF576BC47F22}.Debug|x64.Build.0 = Debug|x64
		{A6BE4A87-B4BA-41BC-8395-EF576BC47F22}.Debug|x86.ActiveCfg = Debug|Any CPU
		{A6BE4A87-B4BA-41BC-8395-EF576BC47F22}.Debug|x86.Build.0 = Debug|Any CPU
		{A6BE4A87-B4BA-41BC-8395-EF576BC47F22}.DefaultBuild|Any CPU.ActiveCfg = Release|Any CPU
		{A6BE4A87-B4BA-41BC-8395-EF576BC47F22}.DefaultBuild|Any CPU.Build.0 = Release|Any CPU
		{A6BE4A87-B4BA-41BC-8395-EF576BC47F22}.DefaultBuild|ARM.ActiveCfg = Release|Any CPU
		{A6BE4A87-B4BA-41BC-8395-EF576BC47F22}.DefaultBuild|ARM.Build.0 = Release|Any CPU
		{A6BE4A87-B4BA-41BC-8395-EF576BC47F22}.DefaultBuild|ARM64.ActiveCfg = Release|Any CPU
		{A6BE4A87-B4BA-41BC-8395-EF576BC47F22}.DefaultBuild|ARM64.Build.0 = Release|Any CPU
		{A6BE4A87-B4BA-41BC-8395-EF576BC47F22}.DefaultBuild|x64.ActiveCfg = Release|x64
		{A6BE4A87-B4BA-41BC-8395-EF576BC47F22}.DefaultBuild|x64.Build.0 = Release|x64
		{A6BE4A87-B4BA-41BC-8395-EF576BC47F22}.DefaultBuild|x86.ActiveCfg = Release|Any CPU
		{A6BE4A87-B4BA-41BC-8395-EF576BC47F22}.DefaultBuild|x86.Build.0 = Release|Any CPU
		{A6BE4A87-B4BA-41BC-8395-EF576BC47F22}.Release|Any CPU.ActiveCfg = Release|Any CPU
		{A6BE4A87-B4BA-41BC-8395-EF576BC47F22}.Release|Any CPU.Build.0 = Release|Any CPU
		{A6BE4A87-B4BA-41BC-8395-EF576BC47F22}.Release|ARM.ActiveCfg = Release|Any CPU
		{A6BE4A87-B4BA-41BC-8395-EF576BC47F22}.Release|ARM.Build.0 = Release|Any CPU
		{A6BE4A87-B4BA-41BC-8395-EF576BC47F22}.Release|ARM64.ActiveCfg = Release|Any CPU
		{A6BE4A87-B4BA-41BC-8395-EF576BC47F22}.Release|ARM64.Build.0 = Release|Any CPU
		{A6BE4A87-B4BA-41BC-8395-EF576BC47F22}.Release|x64.ActiveCfg = Release|x64
		{A6BE4A87-B4BA-41BC-8395-EF576BC47F22}.Release|x64.Build.0 = Release|x64
		{A6BE4A87-B4BA-41BC-8395-EF576BC47F22}.Release|x86.ActiveCfg = Release|Any CPU
		{A6BE4A87-B4BA-41BC-8395-EF576BC47F22}.Release|x86.Build.0 = Release|Any CPU
		{046D448E-6A15-41ED-9EA3-28C1DABD86F8}.Debug|Any CPU.ActiveCfg = Debug|Any CPU
		{046D448E-6A15-41ED-9EA3-28C1DABD86F8}.Debug|Any CPU.Build.0 = Debug|Any CPU
		{046D448E-6A15-41ED-9EA3-28C1DABD86F8}.Debug|ARM.ActiveCfg = Debug|Any CPU
		{046D448E-6A15-41ED-9EA3-28C1DABD86F8}.Debug|ARM.Build.0 = Debug|Any CPU
		{046D448E-6A15-41ED-9EA3-28C1DABD86F8}.Debug|ARM64.ActiveCfg = Debug|Any CPU
		{046D448E-6A15-41ED-9EA3-28C1DABD86F8}.Debug|ARM64.Build.0 = Debug|Any CPU
		{046D448E-6A15-41ED-9EA3-28C1DABD86F8}.Debug|x64.ActiveCfg = Debug|Any CPU
		{046D448E-6A15-41ED-9EA3-28C1DABD86F8}.Debug|x64.Build.0 = Debug|Any CPU
		{046D448E-6A15-41ED-9EA3-28C1DABD86F8}.Debug|x86.ActiveCfg = Debug|Any CPU
		{046D448E-6A15-41ED-9EA3-28C1DABD86F8}.Debug|x86.Build.0 = Debug|Any CPU
		{046D448E-6A15-41ED-9EA3-28C1DABD86F8}.DefaultBuild|Any CPU.ActiveCfg = Debug|Any CPU
		{046D448E-6A15-41ED-9EA3-28C1DABD86F8}.DefaultBuild|Any CPU.Build.0 = Debug|Any CPU
		{046D448E-6A15-41ED-9EA3-28C1DABD86F8}.DefaultBuild|ARM.ActiveCfg = Debug|Any CPU
		{046D448E-6A15-41ED-9EA3-28C1DABD86F8}.DefaultBuild|ARM.Build.0 = Debug|Any CPU
		{046D448E-6A15-41ED-9EA3-28C1DABD86F8}.DefaultBuild|ARM64.ActiveCfg = Debug|Any CPU
		{046D448E-6A15-41ED-9EA3-28C1DABD86F8}.DefaultBuild|ARM64.Build.0 = Debug|Any CPU
		{046D448E-6A15-41ED-9EA3-28C1DABD86F8}.DefaultBuild|x64.ActiveCfg = Debug|Any CPU
		{046D448E-6A15-41ED-9EA3-28C1DABD86F8}.DefaultBuild|x64.Build.0 = Debug|Any CPU
		{046D448E-6A15-41ED-9EA3-28C1DABD86F8}.DefaultBuild|x86.ActiveCfg = Debug|Any CPU
		{046D448E-6A15-41ED-9EA3-28C1DABD86F8}.DefaultBuild|x86.Build.0 = Debug|Any CPU
		{046D448E-6A15-41ED-9EA3-28C1DABD86F8}.Release|Any CPU.ActiveCfg = Release|Any CPU
		{046D448E-6A15-41ED-9EA3-28C1DABD86F8}.Release|Any CPU.Build.0 = Release|Any CPU
		{046D448E-6A15-41ED-9EA3-28C1DABD86F8}.Release|ARM.ActiveCfg = Release|Any CPU
		{046D448E-6A15-41ED-9EA3-28C1DABD86F8}.Release|ARM.Build.0 = Release|Any CPU
		{046D448E-6A15-41ED-9EA3-28C1DABD86F8}.Release|ARM64.ActiveCfg = Release|Any CPU
		{046D448E-6A15-41ED-9EA3-28C1DABD86F8}.Release|ARM64.Build.0 = Release|Any CPU
		{046D448E-6A15-41ED-9EA3-28C1DABD86F8}.Release|x64.ActiveCfg = Release|Any CPU
		{046D448E-6A15-41ED-9EA3-28C1DABD86F8}.Release|x64.Build.0 = Release|Any CPU
		{046D448E-6A15-41ED-9EA3-28C1DABD86F8}.Release|x86.ActiveCfg = Release|Any CPU
		{046D448E-6A15-41ED-9EA3-28C1DABD86F8}.Release|x86.Build.0 = Release|Any CPU
		{FE305098-4593-4FED-9C45-253A386D04DD}.Debug|Any CPU.ActiveCfg = Debug|Any CPU
		{FE305098-4593-4FED-9C45-253A386D04DD}.Debug|Any CPU.Build.0 = Debug|Any CPU
		{FE305098-4593-4FED-9C45-253A386D04DD}.Debug|ARM.ActiveCfg = Debug|Any CPU
		{FE305098-4593-4FED-9C45-253A386D04DD}.Debug|ARM.Build.0 = Debug|Any CPU
		{FE305098-4593-4FED-9C45-253A386D04DD}.Debug|ARM64.ActiveCfg = Debug|Any CPU
		{FE305098-4593-4FED-9C45-253A386D04DD}.Debug|ARM64.Build.0 = Debug|Any CPU
		{FE305098-4593-4FED-9C45-253A386D04DD}.Debug|x64.ActiveCfg = Debug|Any CPU
		{FE305098-4593-4FED-9C45-253A386D04DD}.Debug|x64.Build.0 = Debug|Any CPU
		{FE305098-4593-4FED-9C45-253A386D04DD}.Debug|x86.ActiveCfg = Debug|Any CPU
		{FE305098-4593-4FED-9C45-253A386D04DD}.Debug|x86.Build.0 = Debug|Any CPU
		{FE305098-4593-4FED-9C45-253A386D04DD}.DefaultBuild|Any CPU.ActiveCfg = Debug|Any CPU
		{FE305098-4593-4FED-9C45-253A386D04DD}.DefaultBuild|Any CPU.Build.0 = Debug|Any CPU
		{FE305098-4593-4FED-9C45-253A386D04DD}.DefaultBuild|ARM.ActiveCfg = Debug|Any CPU
		{FE305098-4593-4FED-9C45-253A386D04DD}.DefaultBuild|ARM.Build.0 = Debug|Any CPU
		{FE305098-4593-4FED-9C45-253A386D04DD}.DefaultBuild|ARM64.ActiveCfg = Debug|Any CPU
		{FE305098-4593-4FED-9C45-253A386D04DD}.DefaultBuild|ARM64.Build.0 = Debug|Any CPU
		{FE305098-4593-4FED-9C45-253A386D04DD}.DefaultBuild|x64.ActiveCfg = Debug|Any CPU
		{FE305098-4593-4FED-9C45-253A386D04DD}.DefaultBuild|x64.Build.0 = Debug|Any CPU
		{FE305098-4593-4FED-9C45-253A386D04DD}.DefaultBuild|x86.ActiveCfg = Debug|Any CPU
		{FE305098-4593-4FED-9C45-253A386D04DD}.DefaultBuild|x86.Build.0 = Debug|Any CPU
		{FE305098-4593-4FED-9C45-253A386D04DD}.Release|Any CPU.ActiveCfg = Release|Any CPU
		{FE305098-4593-4FED-9C45-253A386D04DD}.Release|Any CPU.Build.0 = Release|Any CPU
		{FE305098-4593-4FED-9C45-253A386D04DD}.Release|ARM.ActiveCfg = Release|Any CPU
		{FE305098-4593-4FED-9C45-253A386D04DD}.Release|ARM.Build.0 = Release|Any CPU
		{FE305098-4593-4FED-9C45-253A386D04DD}.Release|ARM64.ActiveCfg = Release|Any CPU
		{FE305098-4593-4FED-9C45-253A386D04DD}.Release|ARM64.Build.0 = Release|Any CPU
		{FE305098-4593-4FED-9C45-253A386D04DD}.Release|x64.ActiveCfg = Release|Any CPU
		{FE305098-4593-4FED-9C45-253A386D04DD}.Release|x64.Build.0 = Release|Any CPU
		{FE305098-4593-4FED-9C45-253A386D04DD}.Release|x86.ActiveCfg = Release|Any CPU
		{FE305098-4593-4FED-9C45-253A386D04DD}.Release|x86.Build.0 = Release|Any CPU
		{FC92F71D-533F-4C87-B86E-E5C41DD64DB7}.Debug|Any CPU.ActiveCfg = Debug|Any CPU
		{FC92F71D-533F-4C87-B86E-E5C41DD64DB7}.Debug|Any CPU.Build.0 = Debug|Any CPU
		{FC92F71D-533F-4C87-B86E-E5C41DD64DB7}.Debug|ARM.ActiveCfg = Debug|Any CPU
		{FC92F71D-533F-4C87-B86E-E5C41DD64DB7}.Debug|ARM.Build.0 = Debug|Any CPU
		{FC92F71D-533F-4C87-B86E-E5C41DD64DB7}.Debug|ARM64.ActiveCfg = Debug|Any CPU
		{FC92F71D-533F-4C87-B86E-E5C41DD64DB7}.Debug|ARM64.Build.0 = Debug|Any CPU
		{FC92F71D-533F-4C87-B86E-E5C41DD64DB7}.Debug|x64.ActiveCfg = Debug|Any CPU
		{FC92F71D-533F-4C87-B86E-E5C41DD64DB7}.Debug|x64.Build.0 = Debug|Any CPU
		{FC92F71D-533F-4C87-B86E-E5C41DD64DB7}.Debug|x86.ActiveCfg = Debug|Any CPU
		{FC92F71D-533F-4C87-B86E-E5C41DD64DB7}.Debug|x86.Build.0 = Debug|Any CPU
		{FC92F71D-533F-4C87-B86E-E5C41DD64DB7}.DefaultBuild|Any CPU.ActiveCfg = Release|Any CPU
		{FC92F71D-533F-4C87-B86E-E5C41DD64DB7}.DefaultBuild|Any CPU.Build.0 = Release|Any CPU
		{FC92F71D-533F-4C87-B86E-E5C41DD64DB7}.DefaultBuild|ARM.ActiveCfg = Release|Any CPU
		{FC92F71D-533F-4C87-B86E-E5C41DD64DB7}.DefaultBuild|ARM.Build.0 = Release|Any CPU
		{FC92F71D-533F-4C87-B86E-E5C41DD64DB7}.DefaultBuild|ARM64.ActiveCfg = Release|Any CPU
		{FC92F71D-533F-4C87-B86E-E5C41DD64DB7}.DefaultBuild|ARM64.Build.0 = Release|Any CPU
		{FC92F71D-533F-4C87-B86E-E5C41DD64DB7}.DefaultBuild|x64.ActiveCfg = Release|Any CPU
		{FC92F71D-533F-4C87-B86E-E5C41DD64DB7}.DefaultBuild|x64.Build.0 = Release|Any CPU
		{FC92F71D-533F-4C87-B86E-E5C41DD64DB7}.DefaultBuild|x86.ActiveCfg = Release|Any CPU
		{FC92F71D-533F-4C87-B86E-E5C41DD64DB7}.DefaultBuild|x86.Build.0 = Release|Any CPU
		{FC92F71D-533F-4C87-B86E-E5C41DD64DB7}.Release|Any CPU.ActiveCfg = Release|Any CPU
		{FC92F71D-533F-4C87-B86E-E5C41DD64DB7}.Release|Any CPU.Build.0 = Release|Any CPU
		{FC92F71D-533F-4C87-B86E-E5C41DD64DB7}.Release|ARM.ActiveCfg = Release|Any CPU
		{FC92F71D-533F-4C87-B86E-E5C41DD64DB7}.Release|ARM.Build.0 = Release|Any CPU
		{FC92F71D-533F-4C87-B86E-E5C41DD64DB7}.Release|ARM64.ActiveCfg = Release|Any CPU
		{FC92F71D-533F-4C87-B86E-E5C41DD64DB7}.Release|ARM64.Build.0 = Release|Any CPU
		{FC92F71D-533F-4C87-B86E-E5C41DD64DB7}.Release|x64.ActiveCfg = Release|Any CPU
		{FC92F71D-533F-4C87-B86E-E5C41DD64DB7}.Release|x64.Build.0 = Release|Any CPU
		{FC92F71D-533F-4C87-B86E-E5C41DD64DB7}.Release|x86.ActiveCfg = Release|Any CPU
		{FC92F71D-533F-4C87-B86E-E5C41DD64DB7}.Release|x86.Build.0 = Release|Any CPU
	EndGlobalSection
	GlobalSection(SolutionProperties) = preSolution
		HideSolutionNode = FALSE
	EndGlobalSection
	GlobalSection(ExtensibilityGlobals) = postSolution
		SolutionGuid = {7A6AC139-D40F-460C-9FDE-646E70B1777E}
	EndGlobalSection
EndGlobal
